
Microsoft Visual Studio Solution File, Format Version 12.00
# Visual Studio Version 17
VisualStudioVersion = 17.5.33414.496
MinimumVisualStudioVersion = 10.0.40219.1
Project("{FAE04EC0-301F-11D3-BF4B-00C04F79EFBC}") = "prime-numbers", "prime-numbers.csproj", "{B2932B41-26A6-43FC-B86F-9FF428AE43C3}"
EndProject
Global
	GlobalSection(SolutionConfigurationPlatforms) = preSolution
		Debug|Any CPU = Debug|Any CPU
		Release|Any CPU = Release|Any CPU
	EndGlobalSection
	GlobalSection(ProjectConfigurationPlatforms) = postSolution
		{B2932B41-26A6-43FC-B86F-9FF428AE43C3}.Debug|Any CPU.ActiveCfg = Debug|Any CPU
		{B2932B41-26A6-43FC-B86F-9FF428AE43C3}.Debug|Any CPU.Build.0 = Debug|Any CPU
		{B2932B41-26A6-43FC-B86F-9FF428AE43C3}.Release|Any CPU.ActiveCfg = Release|Any CPU
		{B2932B41-26A6-43FC-B86F-9FF428AE43C3}.Release|Any CPU.Build.0 = Release|Any CPU
	EndGlobalSection
	GlobalSection(SolutionProperties) = preSolution
		HideSolutionNode = FALSE
	EndGlobalSection
	GlobalSection(ExtensibilityGlobals) = postSolution
		SolutionGuid = {5A1BBF18-5BC6-4A68-B1A0-920D4B263E0E}
	EndGlobalSection
EndGlobal
